
Microsoft Visual Studio Solution File, Format Version 12.00
# Visual Studio Version 17
VisualStudioVersion = 17.9.34728.123
MinimumVisualStudioVersion = 10.0.40219.1
Project("{FAE04EC0-301F-11D3-BF4B-00C04F79EFBC}") = "finalproject", "finalproject\finalproject.csproj", "{501883B1-24AD-4424-82E4-2340AD5D1B63}"
EndProject
Global
	GlobalSection(SolutionConfigurationPlatforms) = preSolution
		Debug|Any CPU = Debug|Any CPU
		Release|Any CPU = Release|Any CPU
	EndGlobalSection
	GlobalSection(ProjectConfigurationPlatforms) = postSolution
		{501883B1-24AD-4424-82E4-2340AD5D1B63}.Debug|Any CPU.ActiveCfg = Debug|Any CPU
		{501883B1-24AD-4424-82E4-2340AD5D1B63}.Debug|Any CPU.Build.0 = Debug|Any CPU
		{501883B1-24AD-4424-82E4-2340AD5D1B63}.Release|Any CPU.ActiveCfg = Release|Any CPU
		{501883B1-24AD-4424-82E4-2340AD5D1B63}.Release|Any CPU.Build.0 = Release|Any CPU
	EndGlobalSection
	GlobalSection(SolutionProperties) = preSolution
		HideSolutionNode = FALSE
	EndGlobalSection
	GlobalSection(ExtensibilityGlobals) = postSolution
		SolutionGuid = {0804E509-8DE1-46A4-9267-B1EBA3DC8F4E}
	EndGlobalSection
EndGlobal
